// !$*UTF8*$!
{
	archiveVersion = 1;
	classes = {
	};
	objectVersion = 56;
	objects = {

/* Begin PBXBuildFile section */
		9B12539E2BEC264000A7B422 /* timerRemaingView.swift in Sources */ = {isa = PBXBuildFile; fileRef = 9B12539D2BEC264000A7B422 /* timerRemaingView.swift */; };
		9B1253A02BEE8FCD00A7B422 /* scoreCardView.swift in Sources */ = {isa = PBXBuildFile; fileRef = 9B12539F2BEE8FCD00A7B422 /* scoreCardView.swift */; };
		9B1D63512BD5B09B00066D30 /* goMLBApp.swift in Sources */ = {isa = PBXBuildFile; fileRef = 9B1D63502BD5B09B00066D30 /* goMLBApp.swift */; };
		9B1D63532BD5B09B00066D30 /* ContentView.swift in Sources */ = {isa = PBXBuildFile; fileRef = 9B1D63522BD5B09B00066D30 /* ContentView.swift */; };
		9B1D63552BD5B09C00066D30 /* Assets.xcassets in Resources */ = {isa = PBXBuildFile; fileRef = 9B1D63542BD5B09C00066D30 /* Assets.xcassets */; };
		9B1D63582BD5B09C00066D30 /* Preview Assets.xcassets in Resources */ = {isa = PBXBuildFile; fileRef = 9B1D63572BD5B09C00066D30 /* Preview Assets.xcassets */; };
		9B585FF02BD5C70900BE2E4B /* JSONModels.swift in Sources */ = {isa = PBXBuildFile; fileRef = 9B585FEF2BD5C70900BE2E4B /* JSONModels.swift */; };
		9B585FF72BD6EB4200BE2E4B /* basesView.swift in Sources */ = {isa = PBXBuildFile; fileRef = 9B585FF62BD6EB4200BE2E4B /* basesView.swift */; };
		9B585FFB2BD7024600BE2E4B /* scoreBoardView.swift in Sources */ = {isa = PBXBuildFile; fileRef = 9B585FFA2BD7024600BE2E4B /* scoreBoardView.swift */; };
		9B585FFD2BD8439700BE2E4B /* colorMod.swift in Sources */ = {isa = PBXBuildFile; fileRef = 9B585FFC2BD8439700BE2E4B /* colorMod.swift */; };
		9B585FFF2BD8536300BE2E4B /* GameViewModel.swift in Sources */ = {isa = PBXBuildFile; fileRef = 9B585FFE2BD8536300BE2E4B /* GameViewModel.swift */; };
		9BBF49822BE54CD700E27A5F /* stupidView.swift in Sources */ = {isa = PBXBuildFile; fileRef = 9BBF49812BE54CD700E27A5F /* stupidView.swift */; };
		9BD920FE2BDD9AB1007D558F /* outsView.swift in Sources */ = {isa = PBXBuildFile; fileRef = 9BD920FD2BDD9AB1007D558F /* outsView.swift */; };
		9BD921002BE18DFD007D558F /* gaveEvent.swift in Sources */ = {isa = PBXBuildFile; fileRef = 9BD920FF2BE18DFD007D558F /* gaveEvent.swift */; };
		9BF3BC252BF9184000535630 /* Inning.swift in Sources */ = {isa = PBXBuildFile; fileRef = 9BF3BC242BF9184000535630 /* Inning.swift */; };
		E71035F62BDAA07E00F1F3B7 /* teamIconView.swift in Sources */ = {isa = PBXBuildFile; fileRef = E71035F52BDAA07E00F1F3B7 /* teamIconView.swift */; };
		E71035F82BDBD27E00F1F3B7 /* teamNames.swift in Sources */ = {isa = PBXBuildFile; fileRef = E71035F72BDBD27E00F1F3B7 /* teamNames.swift */; };
/* End PBXBuildFile section */

/* Begin PBXFileReference section */
		9B12539D2BEC264000A7B422 /* timerRemaingView.swift */ = {isa = PBXFileReference; lastKnownFileType = sourcecode.swift; path = timerRemaingView.swift; sourceTree = "<group>"; };
		9B12539F2BEE8FCD00A7B422 /* scoreCardView.swift */ = {isa = PBXFileReference; lastKnownFileType = sourcecode.swift; path = scoreCardView.swift; sourceTree = "<group>"; };
		9B1D634D2BD5B09B00066D30 /* goMLB.app */ = {isa = PBXFileReference; explicitFileType = wrapper.application; includeInIndex = 0; path = goMLB.app; sourceTree = BUILT_PRODUCTS_DIR; };
		9B1D63502BD5B09B00066D30 /* goMLBApp.swift */ = {isa = PBXFileReference; lastKnownFileType = sourcecode.swift; path = goMLBApp.swift; sourceTree = "<group>"; };
		9B1D63522BD5B09B00066D30 /* ContentView.swift */ = {isa = PBXFileReference; lastKnownFileType = sourcecode.swift; path = ContentView.swift; sourceTree = "<group>"; };
		9B1D63542BD5B09C00066D30 /* Assets.xcassets */ = {isa = PBXFileReference; lastKnownFileType = folder.assetcatalog; path = Assets.xcassets; sourceTree = "<group>"; };
		9B1D63572BD5B09C00066D30 /* Preview Assets.xcassets */ = {isa = PBXFileReference; lastKnownFileType = folder.assetcatalog; path = "Preview Assets.xcassets"; sourceTree = "<group>"; };
		9B585FEF2BD5C70900BE2E4B /* JSONModels.swift */ = {isa = PBXFileReference; lastKnownFileType = sourcecode.swift; path = JSONModels.swift; sourceTree = "<group>"; };
		9B585FF62BD6EB4200BE2E4B /* basesView.swift */ = {isa = PBXFileReference; lastKnownFileType = sourcecode.swift; path = basesView.swift; sourceTree = "<group>"; };
		9B585FFA2BD7024600BE2E4B /* scoreBoardView.swift */ = {isa = PBXFileReference; lastKnownFileType = sourcecode.swift; path = scoreBoardView.swift; sourceTree = "<group>"; };
		9B585FFC2BD8439700BE2E4B /* colorMod.swift */ = {isa = PBXFileReference; lastKnownFileType = sourcecode.swift; path = colorMod.swift; sourceTree = "<group>"; };
		9B585FFE2BD8536300BE2E4B /* GameViewModel.swift */ = {isa = PBXFileReference; lastKnownFileType = sourcecode.swift; path = GameViewModel.swift; sourceTree = "<group>"; };
		9BBF49812BE54CD700E27A5F /* stupidView.swift */ = {isa = PBXFileReference; lastKnownFileType = sourcecode.swift; path = stupidView.swift; sourceTree = "<group>"; };
		9BD920FD2BDD9AB1007D558F /* outsView.swift */ = {isa = PBXFileReference; lastKnownFileType = sourcecode.swift; path = outsView.swift; sourceTree = "<group>"; };
		9BD920FF2BE18DFD007D558F /* gaveEvent.swift */ = {isa = PBXFileReference; lastKnownFileType = sourcecode.swift; path = gaveEvent.swift; sourceTree = "<group>"; };
		9BF3BC242BF9184000535630 /* Inning.swift */ = {isa = PBXFileReference; lastKnownFileType = sourcecode.swift; path = Inning.swift; sourceTree = "<group>"; };
		E71035F52BDAA07E00F1F3B7 /* teamIconView.swift */ = {isa = PBXFileReference; lastKnownFileType = sourcecode.swift; path = teamIconView.swift; sourceTree = "<group>"; };
		E71035F72BDBD27E00F1F3B7 /* teamNames.swift */ = {isa = PBXFileReference; lastKnownFileType = sourcecode.swift; path = teamNames.swift; sourceTree = "<group>"; };
/* End PBXFileReference section */

/* Begin PBXFrameworksBuildPhase section */
		9B1D634A2BD5B09B00066D30 /* Frameworks */ = {
			isa = PBXFrameworksBuildPhase;
			buildActionMask = 2147483647;
			files = (
			);
			runOnlyForDeploymentPostprocessing = 0;
		};
/* End PBXFrameworksBuildPhase section */

/* Begin PBXGroup section */
		9B1D63442BD5B09B00066D30 = {
			isa = PBXGroup;
			children = (
				9B1D634F2BD5B09B00066D30 /* goMLB */,
				9B1D634E2BD5B09B00066D30 /* Products */,
			);
			sourceTree = "<group>";
		};
		9B1D634E2BD5B09B00066D30 /* Products */ = {
			isa = PBXGroup;
			children = (
				9B1D634D2BD5B09B00066D30 /* goMLB.app */,
			);
			name = Products;
			sourceTree = "<group>";
		};
		9B1D634F2BD5B09B00066D30 /* goMLB */ = {
			isa = PBXGroup;
			children = (
				9BF3BC232BF9182A00535630 /* Enums */,
				9B585FF52BD6EB3500BE2E4B /* Views */,
				9B585FF22BD5C84E00BE2E4B /* Classes */,
				9B585FF12BD5C81F00BE2E4B /* Helpers */,
				9B1D635E2BD5B0A900066D30 /* Data */,
				9B1D63502BD5B09B00066D30 /* goMLBApp.swift */,
				9B1D63522BD5B09B00066D30 /* ContentView.swift */,
				9B1D63542BD5B09C00066D30 /* Assets.xcassets */,
				9B1D63562BD5B09C00066D30 /* Preview Content */,
			);
			path = goMLB;
			sourceTree = "<group>";
		};
		9B1D63562BD5B09C00066D30 /* Preview Content */ = {
			isa = PBXGroup;
			children = (
				9B1D63572BD5B09C00066D30 /* Preview Assets.xcassets */,
			);
			path = "Preview Content";
			sourceTree = "<group>";
		};
		9B1D635E2BD5B0A900066D30 /* Data */ = {
			isa = PBXGroup;
			children = (
				9B585FEF2BD5C70900BE2E4B /* JSONModels.swift */,
				E71035F72BDBD27E00F1F3B7 /* teamNames.swift */,
				9BD920FF2BE18DFD007D558F /* gaveEvent.swift */,
			);
			path = Data;
			sourceTree = "<group>";
		};
		9B585FF12BD5C81F00BE2E4B /* Helpers */ = {
			isa = PBXGroup;
			children = (
				9B585FFC2BD8439700BE2E4B /* colorMod.swift */,
			);
			path = Helpers;
			sourceTree = "<group>";
		};
		9B585FF22BD5C84E00BE2E4B /* Classes */ = {
			isa = PBXGroup;
			children = (
				9B585FFE2BD8536300BE2E4B /* GameViewModel.swift */,
			);
			path = Classes;
			sourceTree = "<group>";
		};
		9B585FF52BD6EB3500BE2E4B /* Views */ = {
			isa = PBXGroup;
			children = (
				9B585FF62BD6EB4200BE2E4B /* basesView.swift */,
				9B585FFA2BD7024600BE2E4B /* scoreBoardView.swift */,
				E71035F52BDAA07E00F1F3B7 /* teamIconView.swift */,
				9BD920FD2BDD9AB1007D558F /* outsView.swift */,
				9BBF49812BE54CD700E27A5F /* stupidView.swift */,
				9B12539D2BEC264000A7B422 /* timerRemaingView.swift */,
				9B12539F2BEE8FCD00A7B422 /* scoreCardView.swift */,
			);
			path = Views;
			sourceTree = "<group>";
		};
		9BF3BC232BF9182A00535630 /* Enums */ = {
			isa = PBXGroup;
			children = (
				9BF3BC242BF9184000535630 /* Inning.swift */,
			);
			path = Enums;
			sourceTree = "<group>";
		};
/* End PBXGroup section */

/* Begin PBXNativeTarget section */
		9B1D634C2BD5B09B00066D30 /* goMLB */ = {
			isa = PBXNativeTarget;
			buildConfigurationList = 9B1D635B2BD5B09C00066D30 /* Build configuration list for PBXNativeTarget "goMLB" */;
			buildPhases = (
				9B1D63492BD5B09B00066D30 /* Sources */,
				9B1D634A2BD5B09B00066D30 /* Frameworks */,
				9B1D634B2BD5B09B00066D30 /* Resources */,
			);
			buildRules = (
			);
			dependencies = (
			);
			name = goMLB;
			productName = goMLB;
			productReference = 9B1D634D2BD5B09B00066D30 /* goMLB.app */;
			productType = "com.apple.product-type.application";
		};
/* End PBXNativeTarget section */

/* Begin PBXProject section */
		9B1D63452BD5B09B00066D30 /* Project object */ = {
			isa = PBXProject;
			attributes = {
				BuildIndependentTargetsInParallel = 1;
				LastSwiftUpdateCheck = 1530;
				LastUpgradeCheck = 1530;
				TargetAttributes = {
					9B1D634C2BD5B09B00066D30 = {
						CreatedOnToolsVersion = 15.3;
					};
				};
			};
			buildConfigurationList = 9B1D63482BD5B09B00066D30 /* Build configuration list for PBXProject "goMLB" */;
			compatibilityVersion = "Xcode 14.0";
			developmentRegion = en;
			hasScannedForEncodings = 0;
			knownRegions = (
				en,
				Base,
			);
			mainGroup = 9B1D63442BD5B09B00066D30;
			productRefGroup = 9B1D634E2BD5B09B00066D30 /* Products */;
			projectDirPath = "";
			projectRoot = "";
			targets = (
				9B1D634C2BD5B09B00066D30 /* goMLB */,
			);
		};
/* End PBXProject section */

/* Begin PBXResourcesBuildPhase section */
		9B1D634B2BD5B09B00066D30 /* Resources */ = {
			isa = PBXResourcesBuildPhase;
			buildActionMask = 2147483647;
			files = (
				9B1D63582BD5B09C00066D30 /* Preview Assets.xcassets in Resources */,
				9B1D63552BD5B09C00066D30 /* Assets.xcassets in Resources */,
			);
			runOnlyForDeploymentPostprocessing = 0;
		};
/* End PBXResourcesBuildPhase section */

/* Begin PBXSourcesBuildPhase section */
		9B1D63492BD5B09B00066D30 /* Sources */ = {
			isa = PBXSourcesBuildPhase;
			buildActionMask = 2147483647;
			files = (
				9B585FF72BD6EB4200BE2E4B /* basesView.swift in Sources */,
				9B1D63532BD5B09B00066D30 /* ContentView.swift in Sources */,
				9BBF49822BE54CD700E27A5F /* stupidView.swift in Sources */,
				9B585FF02BD5C70900BE2E4B /* JSONModels.swift in Sources */,
				E71035F62BDAA07E00F1F3B7 /* teamIconView.swift in Sources */,
				9B585FFD2BD8439700BE2E4B /* colorMod.swift in Sources */,
				9B585FFF2BD8536300BE2E4B /* GameViewModel.swift in Sources */,
				9B585FFB2BD7024600BE2E4B /* scoreBoardView.swift in Sources */,
				9BF3BC252BF9184000535630 /* Inning.swift in Sources */,
				9B1D63512BD5B09B00066D30 /* goMLBApp.swift in Sources */,
				9B12539E2BEC264000A7B422 /* timerRemaingView.swift in Sources */,
				9BD920FE2BDD9AB1007D558F /* outsView.swift in Sources */,
				E71035F82BDBD27E00F1F3B7 /* teamNames.swift in Sources */,
				9BD921002BE18DFD007D558F /* gaveEvent.swift in Sources */,
				9B1253A02BEE8FCD00A7B422 /* scoreCardView.swift in Sources */,
			);
			runOnlyForDeploymentPostprocessing = 0;
		};
/* End PBXSourcesBuildPhase section */

/* Begin XCBuildConfiguration section */
		9B1D63592BD5B09C00066D30 /* Debug */ = {
			isa = XCBuildConfiguration;
			buildSettings = {
				ALWAYS_SEARCH_USER_PATHS = NO;
				ASSETCATALOG_COMPILER_GENERATE_SWIFT_ASSET_SYMBOL_EXTENSIONS = YES;
				CLANG_ANALYZER_NONNULL = YES;
				CLANG_ANALYZER_NUMBER_OBJECT_CONVERSION = YES_AGGRESSIVE;
				CLANG_CXX_LANGUAGE_STANDARD = "gnu++20";
				CLANG_ENABLE_MODULES = YES;
				CLANG_ENABLE_OBJC_ARC = YES;
				CLANG_ENABLE_OBJC_WEAK = YES;
				CLANG_WARN_BLOCK_CAPTURE_AUTORELEASING = YES;
				CLANG_WARN_BOOL_CONVERSION = YES;
				CLANG_WARN_COMMA = YES;
				CLANG_WARN_CONSTANT_CONVERSION = YES;
				CLANG_WARN_DEPRECATED_OBJC_IMPLEMENTATIONS = YES;
				CLANG_WARN_DIRECT_OBJC_ISA_USAGE = YES_ERROR;
				CLANG_WARN_DOCUMENTATION_COMMENTS = YES;
				CLANG_WARN_EMPTY_BODY = YES;
				CLANG_WARN_ENUM_CONVERSION = YES;
				CLANG_WARN_INFINITE_RECURSION = YES;
				CLANG_WARN_INT_CONVERSION = YES;
				CLANG_WARN_NON_LITERAL_NULL_CONVERSION = YES;
				CLANG_WARN_OBJC_IMPLICIT_RETAIN_SELF = YES;
				CLANG_WARN_OBJC_LITERAL_CONVERSION = YES;
				CLANG_WARN_OBJC_ROOT_CLASS = YES_ERROR;
				CLANG_WARN_QUOTED_INCLUDE_IN_FRAMEWORK_HEADER = YES;
				CLANG_WARN_RANGE_LOOP_ANALYSIS = YES;
				CLANG_WARN_STRICT_PROTOTYPES = YES;
				CLANG_WARN_SUSPICIOUS_MOVE = YES;
				CLANG_WARN_UNGUARDED_AVAILABILITY = YES_AGGRESSIVE;
				CLANG_WARN_UNREACHABLE_CODE = YES;
				CLANG_WARN__DUPLICATE_METHOD_MATCH = YES;
				COPY_PHASE_STRIP = NO;
				DEBUG_INFORMATION_FORMAT = dwarf;
				ENABLE_STRICT_OBJC_MSGSEND = YES;
				ENABLE_TESTABILITY = YES;
				ENABLE_USER_SCRIPT_SANDBOXING = YES;
				GCC_C_LANGUAGE_STANDARD = gnu17;
				GCC_DYNAMIC_NO_PIC = NO;
				GCC_NO_COMMON_BLOCKS = YES;
				GCC_OPTIMIZATION_LEVEL = 0;
				GCC_PREPROCESSOR_DEFINITIONS = (
					"DEBUG=1",
					"$(inherited)",
				);
				GCC_WARN_64_TO_32_BIT_CONVERSION = YES;
				GCC_WARN_ABOUT_RETURN_TYPE = YES_ERROR;
				GCC_WARN_UNDECLARED_SELECTOR = YES;
				GCC_WARN_UNINITIALIZED_AUTOS = YES_AGGRESSIVE;
				GCC_WARN_UNUSED_FUNCTION = YES;
				GCC_WARN_UNUSED_VARIABLE = YES;
				IPHONEOS_DEPLOYMENT_TARGET = 17.4;
				LOCALIZATION_PREFERS_STRING_CATALOGS = YES;
				MTL_ENABLE_DEBUG_INFO = INCLUDE_SOURCE;
				MTL_FAST_MATH = YES;
				ONLY_ACTIVE_ARCH = YES;
				SDKROOT = iphoneos;
				SWIFT_ACTIVE_COMPILATION_CONDITIONS = "DEBUG $(inherited)";
				SWIFT_OPTIMIZATION_LEVEL = "-Onone";
			};
			name = Debug;
		};
		9B1D635A2BD5B09C00066D30 /* Release */ = {
			isa = XCBuildConfiguration;
			buildSettings = {
				ALWAYS_SEARCH_USER_PATHS = NO;
				ASSETCATALOG_COMPILER_GENERATE_SWIFT_ASSET_SYMBOL_EXTENSIONS = YES;
				CLANG_ANALYZER_NONNULL = YES;
				CLANG_ANALYZER_NUMBER_OBJECT_CONVERSION = YES_AGGRESSIVE;
				CLANG_CXX_LANGUAGE_STANDARD = "gnu++20";
				CLANG_ENABLE_MODULES = YES;
				CLANG_ENABLE_OBJC_ARC = YES;
				CLANG_ENABLE_OBJC_WEAK = YES;
				CLANG_WARN_BLOCK_CAPTURE_AUTORELEASING = YES;
				CLANG_WARN_BOOL_CONVERSION = YES;
				CLANG_WARN_COMMA = YES;
				CLANG_WARN_CONSTANT_CONVERSION = YES;
				CLANG_WARN_DEPRECATED_OBJC_IMPLEMENTATIONS = YES;
				CLANG_WARN_DIRECT_OBJC_ISA_USAGE = YES_ERROR;
				CLANG_WARN_DOCUMENTATION_COMMENTS = YES;
				CLANG_WARN_EMPTY_BODY = YES;
				CLANG_WARN_ENUM_CONVERSION = YES;
				CLANG_WARN_INFINITE_RECURSION = YES;
				CLANG_WARN_INT_CONVERSION = YES;
				CLANG_WARN_NON_LITERAL_NULL_CONVERSION = YES;
				CLANG_WARN_OBJC_IMPLICIT_RETAIN_SELF = YES;
				CLANG_WARN_OBJC_LITERAL_CONVERSION = YES;
				CLANG_WARN_OBJC_ROOT_CLASS = YES_ERROR;
				CLANG_WARN_QUOTED_INCLUDE_IN_FRAMEWORK_HEADER = YES;
				CLANG_WARN_RANGE_LOOP_ANALYSIS = YES;
				CLANG_WARN_STRICT_PROTOTYPES = YES;
				CLANG_WARN_SUSPICIOUS_MOVE = YES;
				CLANG_WARN_UNGUARDED_AVAILABILITY = YES_AGGRESSIVE;
				CLANG_WARN_UNREACHABLE_CODE = YES;
				CLANG_WARN__DUPLICATE_METHOD_MATCH = YES;
				COPY_PHASE_STRIP = NO;
				DEBUG_INFORMATION_FORMAT = "dwarf-with-dsym";
				ENABLE_NS_ASSERTIONS = NO;
				ENABLE_STRICT_OBJC_MSGSEND = YES;
				ENABLE_USER_SCRIPT_SANDBOXING = YES;
				GCC_C_LANGUAGE_STANDARD = gnu17;
				GCC_NO_COMMON_BLOCKS = YES;
				GCC_WARN_64_TO_32_BIT_CONVERSION = YES;
				GCC_WARN_ABOUT_RETURN_TYPE = YES_ERROR;
				GCC_WARN_UNDECLARED_SELECTOR = YES;
				GCC_WARN_UNINITIALIZED_AUTOS = YES_AGGRESSIVE;
				GCC_WARN_UNUSED_FUNCTION = YES;
				GCC_WARN_UNUSED_VARIABLE = YES;
				IPHONEOS_DEPLOYMENT_TARGET = 17.4;
				LOCALIZATION_PREFERS_STRING_CATALOGS = YES;
				MTL_ENABLE_DEBUG_INFO = NO;
				MTL_FAST_MATH = YES;
				SDKROOT = iphoneos;
				SWIFT_COMPILATION_MODE = wholemodule;
				VALIDATE_PRODUCT = YES;
			};
			name = Release;
		};
		9B1D635C2BD5B09C00066D30 /* Debug */ = {
			isa = XCBuildConfiguration;
			buildSettings = {
				ASSETCATALOG_COMPILER_APPICON_NAME = AppIcon;
				ASSETCATALOG_COMPILER_GLOBAL_ACCENT_COLOR_NAME = AccentColor;
				CODE_SIGN_STYLE = Automatic;
				CURRENT_PROJECT_VERSION = 1;
				DEVELOPMENT_ASSET_PATHS = "\"goMLB/Preview Content\"";
				DEVELOPMENT_TEAM = KP3ZH5K2SY;
				ENABLE_PREVIEWS = YES;
				GENERATE_INFOPLIST_FILE = YES;
				INFOPLIST_KEY_LSApplicationCategoryType = "public.app-category.sports";
				INFOPLIST_KEY_UIApplicationSceneManifest_Generation = YES;
				INFOPLIST_KEY_UIApplicationSupportsIndirectInputEvents = YES;
				INFOPLIST_KEY_UILaunchScreen_Generation = YES;
				INFOPLIST_KEY_UISupportedInterfaceOrientations = "UIInterfaceOrientationLandscapeLeft UIInterfaceOrientationLandscapeRight UIInterfaceOrientationPortrait UIInterfaceOrientationPortraitUpsideDown";
				IPHONEOS_DEPLOYMENT_TARGET = 17.0;
				LD_RUNPATH_SEARCH_PATHS = (
					"$(inherited)",
					"@executable_path/Frameworks",
				);
				MARKETING_VERSION = 3.86;
				PRODUCT_BUNDLE_IDENTIFIER = com.grantperry.goMLB;
				PRODUCT_NAME = "$(TARGET_NAME)";
				SWIFT_EMIT_LOC_STRINGS = YES;
				SWIFT_VERSION = 5.0;
				TARGETED_DEVICE_FAMILY = "1,2";
			};
			name = Debug;
		};
		9B1D635D2BD5B09C00066D30 /* Release */ = {
			isa = XCBuildConfiguration;
			buildSettings = {
				ASSETCATALOG_COMPILER_APPICON_NAME = AppIcon;
				ASSETCATALOG_COMPILER_GLOBAL_ACCENT_COLOR_NAME = AccentColor;
				CODE_SIGN_STYLE = Automatic;
				CURRENT_PROJECT_VERSION = 1;
				DEVELOPMENT_ASSET_PATHS = "\"goMLB/Preview Content\"";
				DEVELOPMENT_TEAM = KP3ZH5K2SY;
				ENABLE_PREVIEWS = YES;
				GENERATE_INFOPLIST_FILE = YES;
				INFOPLIST_KEY_LSApplicationCategoryType = "public.app-category.sports";
				INFOPLIST_KEY_UIApplicationSceneManifest_Generation = YES;
				INFOPLIST_KEY_UIApplicationSupportsIndirectInputEvents = YES;
				INFOPLIST_KEY_UILaunchScreen_Generation = YES;
				INFOPLIST_KEY_UISupportedInterfaceOrientations = "UIInterfaceOrientationLandscapeLeft UIInterfaceOrientationLandscapeRight UIInterfaceOrientationPortrait UIInterfaceOrientationPortraitUpsideDown";
				IPHONEOS_DEPLOYMENT_TARGET = 17.0;
				LD_RUNPATH_SEARCH_PATHS = (
					"$(inherited)",
					"@executable_path/Frameworks",
				);
				MARKETING_VERSION = 3.86;
				PRODUCT_BUNDLE_IDENTIFIER = com.grantperry.goMLB;
				PRODUCT_NAME = "$(TARGET_NAME)";
				SWIFT_EMIT_LOC_STRINGS = YES;
				SWIFT_VERSION = 5.0;
				TARGETED_DEVICE_FAMILY = "1,2";
			};
			name = Release;
		};
/* End XCBuildConfiguration section */

/* Begin XCConfigurationList section */
		9B1D63482BD5B09B00066D30 /* Build configuration list for PBXProject "goMLB" */ = {
			isa = XCConfigurationList;
			buildConfigurations = (
				9B1D63592BD5B09C00066D30 /* Debug */,
				9B1D635A2BD5B09C00066D30 /* Release */,
			);
			defaultConfigurationIsVisible = 0;
			defaultConfigurationName = Release;
		};
		9B1D635B2BD5B09C00066D30 /* Build configuration list for PBXNativeTarget "goMLB" */ = {
			isa = XCConfigurationList;
			buildConfigurations = (
				9B1D635C2BD5B09C00066D30 /* Debug */,
				9B1D635D2BD5B09C00066D30 /* Release */,
			);
			defaultConfigurationIsVisible = 0;
			defaultConfigurationName = Release;
		};
/* End XCConfigurationList section */
	};
	rootObject = 9B1D63452BD5B09B00066D30 /* Project object */;
}
